
Microsoft Visual Studio Solution File, Format Version 12.00
# Visual Studio 15
VisualStudioVersion = 15.0.27130.2026
MinimumVisualStudioVersion = 10.0.40219.1
Project("{FAE04EC0-301F-11D3-BF4B-00C04F79EFBC}") = "Photogenic Editor", "Photogenic Editor\Photogenic Editor.csproj", "{54BA9408-D884-47D8-A95D-807E9341B0F7}"
EndProject
Global
	GlobalSection(SolutionConfigurationPlatforms) = preSolution
		Debug|Any CPU = Debug|Any CPU
		Release|Any CPU = Release|Any CPU
	EndGlobalSection
	GlobalSection(ProjectConfigurationPlatforms) = postSolution
		{54BA9408-D884-47D8-A95D-807E9341B0F7}.Debug|Any CPU.ActiveCfg = Debug|Any CPU
		{54BA9408-D884-47D8-A95D-807E9341B0F7}.Debug|Any CPU.Build.0 = Debug|Any CPU
		{54BA9408-D884-47D8-A95D-807E9341B0F7}.Release|Any CPU.ActiveCfg = Release|Any CPU
		{54BA9408-D884-47D8-A95D-807E9341B0F7}.Release|Any CPU.Build.0 = Release|Any CPU
	EndGlobalSection
	GlobalSection(SolutionProperties) = preSolution
		HideSolutionNode = FALSE
	EndGlobalSection
	GlobalSection(ExtensibilityGlobals) = postSolution
		SolutionGuid = {2A174CD4-76F9-4176-96CE-270326FF1750}
	EndGlobalSection
EndGlobal
